
Microsoft Visual Studio Solution File, Format Version 12.00
# Visual Studio Version 17
VisualStudioVersion = 17.3.32804.467
MinimumVisualStudioVersion = 10.0.40219.1
Project("{9A19103F-16F7-4668-BE54-9A1E7A4F7556}") = "Graph-Lab-1", "Graph-Lab-1\Graph-Lab-1.csproj", "{17B9D292-77F2-4518-BF17-0A990265CB4D}"
EndProject
Project("{9A19103F-16F7-4668-BE54-9A1E7A4F7556}") = "Graph-Lab-2", "Graph-Lab-2\Graph-Lab-2.csproj", "{7B38A3F2-4AED-4BF6-AC57-C6ABBCDFE390}"
EndProject
Project("{FAE04EC0-301F-11D3-BF4B-00C04F79EFBC}") = "Graph-Lab3", "Graph-Lab3\Graph-Lab3.csproj", "{73F6BB33-9F6C-487A-B3FD-252C4BE73DC3}"
EndProject
Global
	GlobalSection(SolutionConfigurationPlatforms) = preSolution
		Debug|Any CPU = Debug|Any CPU
		Release|Any CPU = Release|Any CPU
	EndGlobalSection
	GlobalSection(ProjectConfigurationPlatforms) = postSolution
		{17B9D292-77F2-4518-BF17-0A990265CB4D}.Debug|Any CPU.ActiveCfg = Debug|Any CPU
		{17B9D292-77F2-4518-BF17-0A990265CB4D}.Debug|Any CPU.Build.0 = Debug|Any CPU
		{17B9D292-77F2-4518-BF17-0A990265CB4D}.Release|Any CPU.ActiveCfg = Release|Any CPU
		{17B9D292-77F2-4518-BF17-0A990265CB4D}.Release|Any CPU.Build.0 = Release|Any CPU
		{7B38A3F2-4AED-4BF6-AC57-C6ABBCDFE390}.Debug|Any CPU.ActiveCfg = Debug|Any CPU
		{7B38A3F2-4AED-4BF6-AC57-C6ABBCDFE390}.Debug|Any CPU.Build.0 = Debug|Any CPU
		{7B38A3F2-4AED-4BF6-AC57-C6ABBCDFE390}.Release|Any CPU.ActiveCfg = Release|Any CPU
		{7B38A3F2-4AED-4BF6-AC57-C6ABBCDFE390}.Release|Any CPU.Build.0 = Release|Any CPU
		{73F6BB33-9F6C-487A-B3FD-252C4BE73DC3}.Debug|Any CPU.ActiveCfg = Debug|Any CPU
		{73F6BB33-9F6C-487A-B3FD-252C4BE73DC3}.Debug|Any CPU.Build.0 = Debug|Any CPU
		{73F6BB33-9F6C-487A-B3FD-252C4BE73DC3}.Release|Any CPU.ActiveCfg = Release|Any CPU
		{73F6BB33-9F6C-487A-B3FD-252C4BE73DC3}.Release|Any CPU.Build.0 = Release|Any CPU
	EndGlobalSection
	GlobalSection(SolutionProperties) = preSolution
		HideSolutionNode = FALSE
	EndGlobalSection
	GlobalSection(ExtensibilityGlobals) = postSolution
		SolutionGuid = {78950FE3-97D7-4FFF-8A87-42F7DF4F742E}
	EndGlobalSection
EndGlobal
