
Microsoft Visual Studio Solution File, Format Version 12.00
# Visual Studio Version 17
VisualStudioVersion = 17.3.32804.467
MinimumVisualStudioVersion = 10.0.40219.1
Project("{9A19103F-16F7-4668-BE54-9A1E7A4F7556}") = "Graph-Lab-1", "Graph-Lab-1\Graph-Lab-1.csproj", "{17B9D292-77F2-4518-BF17-0A990265CB4D}"
EndProject
Project("{9A19103F-16F7-4668-BE54-9A1E7A4F7556}") = "Graph-Lab-2", "Graph-Lab-2\Graph-Lab-2.csproj", "{7B38A3F2-4AED-4BF6-AC57-C6ABBCDFE390}"
EndProject
Project("{9A19103F-16F7-4668-BE54-9A1E7A4F7556}") = "Graph-Lab-3", "Graph-Lab3\Graph-Lab-3.csproj", "{73F6BB33-9F6C-487A-B3FD-252C4BE73DC3}"
EndProject
Project("{9A19103F-16F7-4668-BE54-9A1E7A4F7556}") = "Graph-Lab-4", "Graph-Lab-4\Graph-Lab-4.csproj", "{98BBBF5D-8D78-4C39-9599-68F60A0A1FE8}"
EndProject
Project("{9A19103F-16F7-4668-BE54-9A1E7A4F7556}") = "Graph-Lab-5", "Graph-Lab-5\Graph-Lab-5.csproj", "{F77D5BFC-880D-4B2D-82F9-50B5584B8F8F}"
EndProject
Project("{9A19103F-16F7-4668-BE54-9A1E7A4F7556}") = "Graph-Lab-6", "Graph-Lab-6\Graph-Lab-6.csproj", "{B8EB31A8-C5ED-4492-ABE3-9AD7D8AED665}"
EndProject
Project("{FAE04EC0-301F-11D3-BF4B-00C04F79EFBC}") = "Graph-Lab-7", "Graph-Lab-7\Graph-Lab-7.csproj", "{EED83383-1E97-4FF2-AC6C-8E1ED660475B}"
EndProject
Global
	GlobalSection(SolutionConfigurationPlatforms) = preSolution
		Debug|Any CPU = Debug|Any CPU
		Release|Any CPU = Release|Any CPU
	EndGlobalSection
	GlobalSection(ProjectConfigurationPlatforms) = postSolution
		{17B9D292-77F2-4518-BF17-0A990265CB4D}.Debug|Any CPU.ActiveCfg = Debug|Any CPU
		{17B9D292-77F2-4518-BF17-0A990265CB4D}.Debug|Any CPU.Build.0 = Debug|Any CPU
		{17B9D292-77F2-4518-BF17-0A990265CB4D}.Release|Any CPU.ActiveCfg = Release|Any CPU
		{17B9D292-77F2-4518-BF17-0A990265CB4D}.Release|Any CPU.Build.0 = Release|Any CPU
		{7B38A3F2-4AED-4BF6-AC57-C6ABBCDFE390}.Debug|Any CPU.ActiveCfg = Debug|Any CPU
		{7B38A3F2-4AED-4BF6-AC57-C6ABBCDFE390}.Debug|Any CPU.Build.0 = Debug|Any CPU
		{7B38A3F2-4AED-4BF6-AC57-C6ABBCDFE390}.Release|Any CPU.ActiveCfg = Release|Any CPU
		{7B38A3F2-4AED-4BF6-AC57-C6ABBCDFE390}.Release|Any CPU.Build.0 = Release|Any CPU
		{73F6BB33-9F6C-487A-B3FD-252C4BE73DC3}.Debug|Any CPU.ActiveCfg = Debug|Any CPU
		{73F6BB33-9F6C-487A-B3FD-252C4BE73DC3}.Debug|Any CPU.Build.0 = Debug|Any CPU
		{73F6BB33-9F6C-487A-B3FD-252C4BE73DC3}.Release|Any CPU.ActiveCfg = Release|Any CPU
		{73F6BB33-9F6C-487A-B3FD-252C4BE73DC3}.Release|Any CPU.Build.0 = Release|Any CPU
		{98BBBF5D-8D78-4C39-9599-68F60A0A1FE8}.Debug|Any CPU.ActiveCfg = Debug|Any CPU
		{98BBBF5D-8D78-4C39-9599-68F60A0A1FE8}.Debug|Any CPU.Build.0 = Debug|Any CPU
		{98BBBF5D-8D78-4C39-9599-68F60A0A1FE8}.Release|Any CPU.ActiveCfg = Release|Any CPU
		{98BBBF5D-8D78-4C39-9599-68F60A0A1FE8}.Release|Any CPU.Build.0 = Release|Any CPU
		{F77D5BFC-880D-4B2D-82F9-50B5584B8F8F}.Debug|Any CPU.ActiveCfg = Debug|Any CPU
		{F77D5BFC-880D-4B2D-82F9-50B5584B8F8F}.Debug|Any CPU.Build.0 = Debug|Any CPU
		{F77D5BFC-880D-4B2D-82F9-50B5584B8F8F}.Release|Any CPU.ActiveCfg = Release|Any CPU
		{F77D5BFC-880D-4B2D-82F9-50B5584B8F8F}.Release|Any CPU.Build.0 = Release|Any CPU
		{B8EB31A8-C5ED-4492-ABE3-9AD7D8AED665}.Debug|Any CPU.ActiveCfg = Debug|Any CPU
		{B8EB31A8-C5ED-4492-ABE3-9AD7D8AED665}.Debug|Any CPU.Build.0 = Debug|Any CPU
		{B8EB31A8-C5ED-4492-ABE3-9AD7D8AED665}.Release|Any CPU.ActiveCfg = Release|Any CPU
		{B8EB31A8-C5ED-4492-ABE3-9AD7D8AED665}.Release|Any CPU.Build.0 = Release|Any CPU
		{EED83383-1E97-4FF2-AC6C-8E1ED660475B}.Debug|Any CPU.ActiveCfg = Debug|Any CPU
		{EED83383-1E97-4FF2-AC6C-8E1ED660475B}.Debug|Any CPU.Build.0 = Debug|Any CPU
		{EED83383-1E97-4FF2-AC6C-8E1ED660475B}.Release|Any CPU.ActiveCfg = Release|Any CPU
		{EED83383-1E97-4FF2-AC6C-8E1ED660475B}.Release|Any CPU.Build.0 = Release|Any CPU
	EndGlobalSection
	GlobalSection(SolutionProperties) = preSolution
		HideSolutionNode = FALSE
	EndGlobalSection
	GlobalSection(ExtensibilityGlobals) = postSolution
		SolutionGuid = {78950FE3-97D7-4FFF-8A87-42F7DF4F742E}
	EndGlobalSection
EndGlobal
